
Microsoft Visual Studio Solution File, Format Version 12.00
# Visual Studio Version 16
VisualStudioVersion = 16.0.35425.106
MinimumVisualStudioVersion = 10.0.40219.1
Project("{FAE04EC0-301F-11D3-BF4B-00C04F79EFBC}") = "HelloWorld", "HelloWorld.csproj", "{9723FE86-004A-43E6-BD83-97E7972C33E0}"
EndProject
Global
	GlobalSection(SolutionConfigurationPlatforms) = preSolution
		Debug|Any CPU = Debug|Any CPU
		Release|Any CPU = Release|Any CPU
	EndGlobalSection
	GlobalSection(ProjectConfigurationPlatforms) = postSolution
		{9723FE86-004A-43E6-BD83-97E7972C33E0}.Debug|Any CPU.ActiveCfg = Debug|Any CPU
		{9723FE86-004A-43E6-BD83-97E7972C33E0}.Debug|Any CPU.Build.0 = Debug|Any CPU
		{9723FE86-004A-43E6-BD83-97E7972C33E0}.Release|Any CPU.ActiveCfg = Release|Any CPU
		{9723FE86-004A-43E6-BD83-97E7972C33E0}.Release|Any CPU.Build.0 = Release|Any CPU
	EndGlobalSection
	GlobalSection(SolutionProperties) = preSolution
		HideSolutionNode = FALSE
	EndGlobalSection
	GlobalSection(ExtensibilityGlobals) = postSolution
		SolutionGuid = {AAA464C5-F881-4E6E-BD71-02876297BCEC}
	EndGlobalSection
EndGlobal
