
Microsoft Visual Studio Solution File, Format Version 12.00
# Visual Studio Version 16
VisualStudioVersion = 16.0.35425.106
MinimumVisualStudioVersion = 10.0.40219.1
Project("{FAE04EC0-301F-11D3-BF4B-00C04F79EFBC}") = "NumericFormatting", "NumericFormatting.csproj", "{DD3718DC-9336-414E-B7E6-F706CB329618}"
EndProject
Global
	GlobalSection(SolutionConfigurationPlatforms) = preSolution
		Debug|Any CPU = Debug|Any CPU
		Release|Any CPU = Release|Any CPU
	EndGlobalSection
	GlobalSection(ProjectConfigurationPlatforms) = postSolution
		{DD3718DC-9336-414E-B7E6-F706CB329618}.Debug|Any CPU.ActiveCfg = Debug|Any CPU
		{DD3718DC-9336-414E-B7E6-F706CB329618}.Debug|Any CPU.Build.0 = Debug|Any CPU
		{DD3718DC-9336-414E-B7E6-F706CB329618}.Release|Any CPU.ActiveCfg = Release|Any CPU
		{DD3718DC-9336-414E-B7E6-F706CB329618}.Release|Any CPU.Build.0 = Release|Any CPU
	EndGlobalSection
	GlobalSection(SolutionProperties) = preSolution
		HideSolutionNode = FALSE
	EndGlobalSection
	GlobalSection(ExtensibilityGlobals) = postSolution
		SolutionGuid = {14A781E8-6800-4C25-AD49-722CB2D79EEF}
	EndGlobalSection
EndGlobal
