
Microsoft Visual Studio Solution File, Format Version 12.00
# Visual Studio Version 16
VisualStudioVersion = 16.0.35425.106
MinimumVisualStudioVersion = 10.0.40219.1
Project("{FAE04EC0-301F-11D3-BF4B-00C04F79EFBC}") = "CompositeFormatting", "CompositeFormatting.csproj", "{76950BD5-A83D-47E9-BB02-E4E7EC209A4F}"
EndProject
Global
	GlobalSection(SolutionConfigurationPlatforms) = preSolution
		Debug|Any CPU = Debug|Any CPU
		Release|Any CPU = Release|Any CPU
	EndGlobalSection
	GlobalSection(ProjectConfigurationPlatforms) = postSolution
		{76950BD5-A83D-47E9-BB02-E4E7EC209A4F}.Debug|Any CPU.ActiveCfg = Debug|Any CPU
		{76950BD5-A83D-47E9-BB02-E4E7EC209A4F}.Debug|Any CPU.Build.0 = Debug|Any CPU
		{76950BD5-A83D-47E9-BB02-E4E7EC209A4F}.Release|Any CPU.ActiveCfg = Release|Any CPU
		{76950BD5-A83D-47E9-BB02-E4E7EC209A4F}.Release|Any CPU.Build.0 = Release|Any CPU
	EndGlobalSection
	GlobalSection(SolutionProperties) = preSolution
		HideSolutionNode = FALSE
	EndGlobalSection
	GlobalSection(ExtensibilityGlobals) = postSolution
		SolutionGuid = {7962D86C-5D47-4A51-981F-EE0C46B2F07C}
	EndGlobalSection
EndGlobal
