
Microsoft Visual Studio Solution File, Format Version 12.00
# Visual Studio Version 16
VisualStudioVersion = 16.0.35425.106
MinimumVisualStudioVersion = 10.0.40219.1
Project("{FAE04EC0-301F-11D3-BF4B-00C04F79EFBC}") = "EmptyString", "EmptyString.csproj", "{A53E61CC-50A2-4909-B7F3-5EABB1486498}"
EndProject
Global
	GlobalSection(SolutionConfigurationPlatforms) = preSolution
		Debug|Any CPU = Debug|Any CPU
		Release|Any CPU = Release|Any CPU
	EndGlobalSection
	GlobalSection(ProjectConfigurationPlatforms) = postSolution
		{A53E61CC-50A2-4909-B7F3-5EABB1486498}.Debug|Any CPU.ActiveCfg = Debug|Any CPU
		{A53E61CC-50A2-4909-B7F3-5EABB1486498}.Debug|Any CPU.Build.0 = Debug|Any CPU
		{A53E61CC-50A2-4909-B7F3-5EABB1486498}.Release|Any CPU.ActiveCfg = Release|Any CPU
		{A53E61CC-50A2-4909-B7F3-5EABB1486498}.Release|Any CPU.Build.0 = Release|Any CPU
	EndGlobalSection
	GlobalSection(SolutionProperties) = preSolution
		HideSolutionNode = FALSE
	EndGlobalSection
	GlobalSection(ExtensibilityGlobals) = postSolution
		SolutionGuid = {EB4471F4-5853-4E74-8F29-EF44305944D1}
	EndGlobalSection
EndGlobal
