
Microsoft Visual Studio Solution File, Format Version 12.00
# Visual Studio Version 16
VisualStudioVersion = 16.0.35425.106
MinimumVisualStudioVersion = 10.0.40219.1
Project("{FAE04EC0-301F-11D3-BF4B-00C04F79EFBC}") = "StringConcantenation", "StringConcantenation.csproj", "{35851311-4ACF-43F5-A5D2-B82861B50263}"
EndProject
Global
	GlobalSection(SolutionConfigurationPlatforms) = preSolution
		Debug|Any CPU = Debug|Any CPU
		Release|Any CPU = Release|Any CPU
	EndGlobalSection
	GlobalSection(ProjectConfigurationPlatforms) = postSolution
		{35851311-4ACF-43F5-A5D2-B82861B50263}.Debug|Any CPU.ActiveCfg = Debug|Any CPU
		{35851311-4ACF-43F5-A5D2-B82861B50263}.Debug|Any CPU.Build.0 = Debug|Any CPU
		{35851311-4ACF-43F5-A5D2-B82861B50263}.Release|Any CPU.ActiveCfg = Release|Any CPU
		{35851311-4ACF-43F5-A5D2-B82861B50263}.Release|Any CPU.Build.0 = Release|Any CPU
	EndGlobalSection
	GlobalSection(SolutionProperties) = preSolution
		HideSolutionNode = FALSE
	EndGlobalSection
	GlobalSection(ExtensibilityGlobals) = postSolution
		SolutionGuid = {4E6F1755-7D8E-4032-90D6-F8F968029DBD}
	EndGlobalSection
EndGlobal
