
Microsoft Visual Studio Solution File, Format Version 12.00
# Visual Studio Version 16
VisualStudioVersion = 16.0.35425.106
MinimumVisualStudioVersion = 10.0.40219.1
Project("{FAE04EC0-301F-11D3-BF4B-00C04F79EFBC}") = "If", "If.csproj", "{57D79804-DB1C-4DCF-AD09-8F760BFFD5E6}"
EndProject
Global
	GlobalSection(SolutionConfigurationPlatforms) = preSolution
		Debug|Any CPU = Debug|Any CPU
		Release|Any CPU = Release|Any CPU
	EndGlobalSection
	GlobalSection(ProjectConfigurationPlatforms) = postSolution
		{57D79804-DB1C-4DCF-AD09-8F760BFFD5E6}.Debug|Any CPU.ActiveCfg = Debug|Any CPU
		{57D79804-DB1C-4DCF-AD09-8F760BFFD5E6}.Debug|Any CPU.Build.0 = Debug|Any CPU
		{57D79804-DB1C-4DCF-AD09-8F760BFFD5E6}.Release|Any CPU.ActiveCfg = Release|Any CPU
		{57D79804-DB1C-4DCF-AD09-8F760BFFD5E6}.Release|Any CPU.Build.0 = Release|Any CPU
	EndGlobalSection
	GlobalSection(SolutionProperties) = preSolution
		HideSolutionNode = FALSE
	EndGlobalSection
	GlobalSection(ExtensibilityGlobals) = postSolution
		SolutionGuid = {701E0200-2B04-4E3F-99C8-C9A558D54E9E}
	EndGlobalSection
EndGlobal
