
Microsoft Visual Studio Solution File, Format Version 12.00
# Visual Studio Version 16
VisualStudioVersion = 16.0.35425.106
MinimumVisualStudioVersion = 10.0.40219.1
Project("{FAE04EC0-301F-11D3-BF4B-00C04F79EFBC}") = "TryParse", "TryParse.csproj", "{2CD55D4D-BC6A-4C10-85CF-F02429E1F86C}"
EndProject
Global
	GlobalSection(SolutionConfigurationPlatforms) = preSolution
		Debug|Any CPU = Debug|Any CPU
		Release|Any CPU = Release|Any CPU
	EndGlobalSection
	GlobalSection(ProjectConfigurationPlatforms) = postSolution
		{2CD55D4D-BC6A-4C10-85CF-F02429E1F86C}.Debug|Any CPU.ActiveCfg = Debug|Any CPU
		{2CD55D4D-BC6A-4C10-85CF-F02429E1F86C}.Debug|Any CPU.Build.0 = Debug|Any CPU
		{2CD55D4D-BC6A-4C10-85CF-F02429E1F86C}.Release|Any CPU.ActiveCfg = Release|Any CPU
		{2CD55D4D-BC6A-4C10-85CF-F02429E1F86C}.Release|Any CPU.Build.0 = Release|Any CPU
	EndGlobalSection
	GlobalSection(SolutionProperties) = preSolution
		HideSolutionNode = FALSE
	EndGlobalSection
	GlobalSection(ExtensibilityGlobals) = postSolution
		SolutionGuid = {1DE03F81-2185-4CAC-BA1E-0587EBF96EB5}
	EndGlobalSection
EndGlobal
