
Microsoft Visual Studio Solution File, Format Version 12.00
# Visual Studio Version 16
VisualStudioVersion = 16.0.35425.106
MinimumVisualStudioVersion = 10.0.40219.1
Project("{FAE04EC0-301F-11D3-BF4B-00C04F79EFBC}") = "String_Chars", "String_Chars.csproj", "{E745DA9A-53A7-4188-A211-474BC952B155}"
EndProject
Global
	GlobalSection(SolutionConfigurationPlatforms) = preSolution
		Debug|Any CPU = Debug|Any CPU
		Release|Any CPU = Release|Any CPU
	EndGlobalSection
	GlobalSection(ProjectConfigurationPlatforms) = postSolution
		{E745DA9A-53A7-4188-A211-474BC952B155}.Debug|Any CPU.ActiveCfg = Debug|Any CPU
		{E745DA9A-53A7-4188-A211-474BC952B155}.Debug|Any CPU.Build.0 = Debug|Any CPU
		{E745DA9A-53A7-4188-A211-474BC952B155}.Release|Any CPU.ActiveCfg = Release|Any CPU
		{E745DA9A-53A7-4188-A211-474BC952B155}.Release|Any CPU.Build.0 = Release|Any CPU
	EndGlobalSection
	GlobalSection(SolutionProperties) = preSolution
		HideSolutionNode = FALSE
	EndGlobalSection
	GlobalSection(ExtensibilityGlobals) = postSolution
		SolutionGuid = {6D108AF8-60EF-4F71-931D-F3110A8D08EC}
	EndGlobalSection
EndGlobal
